// !$*UTF8*$!
{
	archiveVersion = 1;
	classes = {
	};
	objectVersion = 46;
	objects = {

/* Begin PBXBuildFile section */
		0600009D1B86E34F0092AD77 /* main.m in Sources */ = {isa = PBXBuildFile; fileRef = 0600009C1B86E34F0092AD77 /* main.m */; };
		060000A01B86E34F0092AD77 /* AppDelegate.m in Sources */ = {isa = PBXBuildFile; fileRef = 0600009F1B86E34F0092AD77 /* AppDelegate.m */; };
		060000A31B86E34F0092AD77 /* ViewController.m in Sources */ = {isa = PBXBuildFile; fileRef = 060000A21B86E34F0092AD77 /* ViewController.m */; };
		060000A61B86E34F0092AD77 /* Main.storyboard in Resources */ = {isa = PBXBuildFile; fileRef = 060000A41B86E34F0092AD77 /* Main.storyboard */; };
		060000A81B86E34F0092AD77 /* Images.xcassets in Resources */ = {isa = PBXBuildFile; fileRef = 060000A71B86E34F0092AD77 /* Images.xcassets */; };
		060000AB1B86E34F0092AD77 /* LaunchScreen.xib in Resources */ = {isa = PBXBuildFile; fileRef = 060000A91B86E34F0092AD77 /* LaunchScreen.xib */; };
		060000B71B86E34F0092AD77 /* GLParticle1Tests.m in Sources */ = {isa = PBXBuildFile; fileRef = 060000B61B86E34F0092AD77 /* GLParticle1Tests.m */; };
/* End PBXBuildFile section */

/* Begin PBXContainerItemProxy section */
		060000B11B86E34F0092AD77 /* PBXContainerItemProxy */ = {
			isa = PBXContainerItemProxy;
			containerPortal = 0600008F1B86E34F0092AD77 /* Project object */;
			proxyType = 1;
			remoteGlobalIDString = 060000961B86E34F0092AD77;
			remoteInfo = GLParticle1;
		};
/* End PBXContainerItemProxy section */

/* Begin PBXFileReference section */
		060000971B86E34F0092AD77 /* GLParticle1.app */ = {isa = PBXFileReference; explicitFileType = wrapper.application; includeInIndex = 0; path = GLParticle1.app; sourceTree = BUILT_PRODUCTS_DIR; };
		0600009B1B86E34F0092AD77 /* Info.plist */ = {isa = PBXFileReference; lastKnownFileType = text.plist.xml; path = Info.plist; sourceTree = "<group>"; };
		0600009C1B86E34F0092AD77 /* main.m */ = {isa = PBXFileReference; lastKnownFileType = sourcecode.c.objc; path = main.m; sourceTree = "<group>"; };
		0600009E1B86E34F0092AD77 /* AppDelegate.h */ = {isa = PBXFileReference; lastKnownFileType = sourcecode.c.h; path = AppDelegate.h; sourceTree = "<group>"; };
		0600009F1B86E34F0092AD77 /* AppDelegate.m */ = {isa = PBXFileReference; lastKnownFileType = sourcecode.c.objc; path = AppDelegate.m; sourceTree = "<group>"; };
		060000A11B86E34F0092AD77 /* ViewController.h */ = {isa = PBXFileReference; lastKnownFileType = sourcecode.c.h; path = ViewController.h; sourceTree = "<group>"; };
		060000A21B86E34F0092AD77 /* ViewController.m */ = {isa = PBXFileReference; lastKnownFileType = sourcecode.c.objc; path = ViewController.m; sourceTree = "<group>"; };
		060000A51B86E34F0092AD77 /* Base */ = {isa = PBXFileReference; lastKnownFileType = file.storyboard; name = Base; path = Base.lproj/Main.storyboard; sourceTree = "<group>"; };
		060000A71B86E34F0092AD77 /* Images.xcassets */ = {isa = PBXFileReference; lastKnownFileType = folder.assetcatalog; path = Images.xcassets; sourceTree = "<group>"; };
		060000AA1B86E34F0092AD77 /* Base */ = {isa = PBXFileReference; lastKnownFileType = file.xib; name = Base; path = Base.lproj/LaunchScreen.xib; sourceTree = "<group>"; };
		060000B01B86E34F0092AD77 /* GLParticle1Tests.xctest */ = {isa = PBXFileReference; explicitFileType = wrapper.cfbundle; includeInIndex = 0; path = GLParticle1Tests.xctest; sourceTree = BUILT_PRODUCTS_DIR; };
		060000B51B86E34F0092AD77 /* Info.plist */ = {isa = PBXFileReference; lastKnownFileType = text.plist.xml; path = Info.plist; sourceTree = "<group>"; };
		060000B61B86E34F0092AD77 /* GLParticle1Tests.m */ = {isa = PBXFileReference; lastKnownFileType = sourcecode.c.objc; path = GLParticle1Tests.m; sourceTree = "<group>"; };
/* End PBXFileReference section */

/* Begin PBXFrameworksBuildPhase section */
		060000941B86E34F0092AD77 /* Frameworks */ = {
			isa = PBXFrameworksBuildPhase;
			buildActionMask = 2147483647;
			files = (
			);
			runOnlyForDeploymentPostprocessing = 0;
		};
		060000AD1B86E34F0092AD77 /* Frameworks */ = {
			isa = PBXFrameworksBuildPhase;
			buildActionMask = 2147483647;
			files = (
			);
			runOnlyForDeploymentPostprocessing = 0;
		};
/* End PBXFrameworksBuildPhase section */

/* Begin PBXGroup section */
		0600008E1B86E34F0092AD77 = {
			isa = PBXGroup;
			children = (
				060000991B86E34F0092AD77 /* GLParticle1 */,
				060000B31B86E34F0092AD77 /* GLParticle1Tests */,
				060000981B86E34F0092AD77 /* Products */,
			);
			sourceTree = "<group>";
		};
		060000981B86E34F0092AD77 /* Products */ = {
			isa = PBXGroup;
			children = (
				060000971B86E34F0092AD77 /* GLParticle1.app */,
				060000B01B86E34F0092AD77 /* GLParticle1Tests.xctest */,
			);
			name = Products;
			sourceTree = "<group>";
		};
		060000991B86E34F0092AD77 /* GLParticle1 */ = {
			isa = PBXGroup;
			children = (
				0600009E1B86E34F0092AD77 /* AppDelegate.h */,
				0600009F1B86E34F0092AD77 /* AppDelegate.m */,
				060000A11B86E34F0092AD77 /* ViewController.h */,
				060000A21B86E34F0092AD77 /* ViewController.m */,
				060000A41B86E34F0092AD77 /* Main.storyboard */,
				060000A71B86E34F0092AD77 /* Images.xcassets */,
				060000A91B86E34F0092AD77 /* LaunchScreen.xib */,
				0600009A1B86E34F0092AD77 /* Supporting Files */,
			);
			path = GLParticle1;
			sourceTree = "<group>";
		};
		0600009A1B86E34F0092AD77 /* Supporting Files */ = {
			isa = PBXGroup;
			children = (
				0600009B1B86E34F0092AD77 /* Info.plist */,
				0600009C1B86E34F0092AD77 /* main.m */,
			);
			name = "Supporting Files";
			sourceTree = "<group>";
		};
		060000B31B86E34F0092AD77 /* GLParticle1Tests */ = {
			isa = PBXGroup;
			children = (
				060000B61B86E34F0092AD77 /* GLParticle1Tests.m */,
				060000B41B86E34F0092AD77 /* Supporting Files */,
			);
			path = GLParticle1Tests;
			sourceTree = "<group>";
		};
		060000B41B86E34F0092AD77 /* Supporting Files */ = {
			isa = PBXGroup;
			children = (
				060000B51B86E34F0092AD77 /* Info.plist */,
			);
			name = "Supporting Files";
			sourceTree = "<group>";
		};
/* End PBXGroup section */

/* Begin PBXNativeTarget section */
		060000961B86E34F0092AD77 /* GLParticle1 */ = {
			isa = PBXNativeTarget;
			buildConfigurationList = 060000BA1B86E34F0092AD77 /* Build configuration list for PBXNativeTarget "GLParticle1" */;
			buildPhases = (
				060000931B86E34F0092AD77 /* Sources */,
				060000941B86E34F0092AD77 /* Frameworks */,
				060000951B86E34F0092AD77 /* Resources */,
			);
			buildRules = (
			);
			dependencies = (
			);
			name = GLParticle1;
			productName = GLParticle1;
			productReference = 060000971B86E34F0092AD77 /* GLParticle1.app */;
			productType = "com.apple.product-type.application";
		};
		060000AF1B86E34F0092AD77 /* GLParticle1Tests */ = {
			isa = PBXNativeTarget;
			buildConfigurationList = 060000BD1B86E34F0092AD77 /* Build configuration list for PBXNativeTarget "GLParticle1Tests" */;
			buildPhases = (
				060000AC1B86E34F0092AD77 /* Sources */,
				060000AD1B86E34F0092AD77 /* Frameworks */,
				060000AE1B86E34F0092AD77 /* Resources */,
			);
			buildRules = (
			);
			dependencies = (
				060000B21B86E34F0092AD77 /* PBXTargetDependency */,
			);
			name = GLParticle1Tests;
			productName = GLParticle1Tests;
			productReference = 060000B01B86E34F0092AD77 /* GLParticle1Tests.xctest */;
			productType = "com.apple.product-type.bundle.unit-test";
		};
/* End PBXNativeTarget section */

/* Begin PBXProject section */
		0600008F1B86E34F0092AD77 /* Project object */ = {
			isa = PBXProject;
			attributes = {
				LastUpgradeCheck = 0640;
				ORGANIZATIONNAME = "한상우";
				TargetAttributes = {
					060000961B86E34F0092AD77 = {
						CreatedOnToolsVersion = 6.4;
					};
					060000AF1B86E34F0092AD77 = {
						CreatedOnToolsVersion = 6.4;
						TestTargetID = 060000961B86E34F0092AD77;
					};
				};
			};
			buildConfigurationList = 060000921B86E34F0092AD77 /* Build configuration list for PBXProject "GLParticle1" */;
			compatibilityVersion = "Xcode 3.2";
			developmentRegion = English;
			hasScannedForEncodings = 0;
			knownRegions = (
				en,
				Base,
			);
			mainGroup = 0600008E1B86E34F0092AD77;
			productRefGroup = 060000981B86E34F0092AD77 /* Products */;
			projectDirPath = "";
			projectRoot = "";
			targets = (
				060000961B86E34F0092AD77 /* GLParticle1 */,
				060000AF1B86E34F0092AD77 /* GLParticle1Tests */,
			);
		};
/* End PBXProject section */

/* Begin PBXResourcesBuildPhase section */
		060000951B86E34F0092AD77 /* Resources */ = {
			isa = PBXResourcesBuildPhase;
			buildActionMask = 2147483647;
			files = (
				060000A61B86E34F0092AD77 /* Main.storyboard in Resources */,
				060000AB1B86E34F0092AD77 /* LaunchScreen.xib in Resources */,
				060000A81B86E34F0092AD77 /* Images.xcassets in Resources */,
			);
			runOnlyForDeploymentPostprocessing = 0;
		};
		060000AE1B86E34F0092AD77 /* Resources */ = {
			isa = PBXResourcesBuildPhase;
			buildActionMask = 2147483647;
			files = (
			);
			runOnlyForDeploymentPostprocessing = 0;
		};
/* End PBXResourcesBuildPhase section */

/* Begin PBXSourcesBuildPhase section */
		060000931B86E34F0092AD77 /* Sources */ = {
			isa = PBXSourcesBuildPhase;
			buildActionMask = 2147483647;
			files = (
				060000A31B86E34F0092AD77 /* ViewController.m in Sources */,
				060000A01B86E34F0092AD77 /* AppDelegate.m in Sources */,
				0600009D1B86E34F0092AD77 /* main.m in Sources */,
			);
			runOnlyForDeploymentPostprocessing = 0;
		};
		060000AC1B86E34F0092AD77 /* Sources */ = {
			isa = PBXSourcesBuildPhase;
			buildActionMask = 2147483647;
			files = (
				060000B71B86E34F0092AD77 /* GLParticle1Tests.m in Sources */,
			);
			runOnlyForDeploymentPostprocessing = 0;
		};
/* End PBXSourcesBuildPhase section */

/* Begin PBXTargetDependency section */
		060000B21B86E34F0092AD77 /* PBXTargetDependency */ = {
			isa = PBXTargetDependency;
			target = 060000961B86E34F0092AD77 /* GLParticle1 */;
			targetProxy = 060000B11B86E34F0092AD77 /* PBXContainerItemProxy */;
		};
/* End PBXTargetDependency section */

/* Begin PBXVariantGroup section */
		060000A41B86E34F0092AD77 /* Main.storyboard */ = {
			isa = PBXVariantGroup;
			children = (
				060000A51B86E34F0092AD77 /* Base */,
			);
			name = Main.storyboard;
			sourceTree = "<group>";
		};
		060000A91B86E34F0092AD77 /* LaunchScreen.xib */ = {
			isa = PBXVariantGroup;
			children = (
				060000AA1B86E34F0092AD77 /* Base */,
			);
			name = LaunchScreen.xib;
			sourceTree = "<group>";
		};
/* End PBXVariantGroup section */

/* Begin XCBuildConfiguration section */
		060000B81B86E34F0092AD77 /* Debug */ = {
			isa = XCBuildConfiguration;
			buildSettings = {
				ALWAYS_SEARCH_USER_PATHS = NO;
				CLANG_CXX_LANGUAGE_STANDARD = "gnu++0x";
				CLANG_CXX_LIBRARY = "libc++";
				CLANG_ENABLE_MODULES = YES;
				CLANG_ENABLE_OBJC_ARC = YES;
				CLANG_WARN_BOOL_CONVERSION = YES;
				CLANG_WARN_CONSTANT_CONVERSION = YES;
				CLANG_WARN_DIRECT_OBJC_ISA_USAGE = YES_ERROR;
				CLANG_WARN_EMPTY_BODY = YES;
				CLANG_WARN_ENUM_CONVERSION = YES;
				CLANG_WARN_INT_CONVERSION = YES;
				CLANG_WARN_OBJC_ROOT_CLASS = YES_ERROR;
				CLANG_WARN_UNREACHABLE_CODE = YES;
				CLANG_WARN__DUPLICATE_METHOD_MATCH = YES;
				"CODE_SIGN_IDENTITY[sdk=iphoneos*]" = "iPhone Developer";
				COPY_PHASE_STRIP = NO;
				DEBUG_INFORMATION_FORMAT = "dwarf-with-dsym";
				ENABLE_STRICT_OBJC_MSGSEND = YES;
				GCC_C_LANGUAGE_STANDARD = gnu99;
				GCC_DYNAMIC_NO_PIC = NO;
				GCC_NO_COMMON_BLOCKS = YES;
				GCC_OPTIMIZATION_LEVEL = 0;
				GCC_PREPROCESSOR_DEFINITIONS = (
					"DEBUG=1",
					"$(inherited)",
				);
				GCC_SYMBOLS_PRIVATE_EXTERN = NO;
				GCC_WARN_64_TO_32_BIT_CONVERSION = YES;
				GCC_WARN_ABOUT_RETURN_TYPE = YES_ERROR;
				GCC_WARN_UNDECLARED_SELECTOR = YES;
				GCC_WARN_UNINITIALIZED_AUTOS = YES_AGGRESSIVE;
				GCC_WARN_UNUSED_FUNCTION = YES;
				GCC_WARN_UNUSED_VARIABLE = YES;
				IPHONEOS_DEPLOYMENT_TARGET = 8.4;
				MTL_ENABLE_DEBUG_INFO = YES;
				ONLY_ACTIVE_ARCH = YES;
				SDKROOT = iphoneos;
				TARGETED_DEVICE_FAMILY = "1,2";
			};
			name = Debug;
		};
		060000B91B86E34F0092AD77 /* Release */ = {
			isa = XCBuildConfiguration;
			buildSettings = {
				ALWAYS_SEARCH_USER_PATHS = NO;
				CLANG_CXX_LANGUAGE_STANDARD = "gnu++0x";
				CLANG_CXX_LIBRARY = "libc++";
				CLANG_ENABLE_MODULES = YES;
				CLANG_ENABLE_OBJC_ARC = YES;
				CLANG_WARN_BOOL_CONVERSION = YES;
				CLANG_WARN_CONSTANT_CONVERSION = YES;
				CLANG_WARN_DIRECT_OBJC_ISA_USAGE = YES_ERROR;
				CLANG_WARN_EMPTY_BODY = YES;
				CLANG_WARN_ENUM_CONVERSION = YES;
				CLANG_WARN_INT_CONVERSION = YES;
				CLANG_WARN_OBJC_ROOT_CLASS = YES_ERROR;
				CLANG_WARN_UNREACHABLE_CODE = YES;
				CLANG_WARN__DUPLICATE_METHOD_MATCH = YES;
				"CODE_SIGN_IDENTITY[sdk=iphoneos*]" = "iPhone Developer";
				COPY_PHASE_STRIP = NO;
				DEBUG_INFORMATION_FORMAT = "dwarf-with-dsym";
				ENABLE_NS_ASSERTIONS = NO;
				ENABLE_STRICT_OBJC_MSGSEND = YES;
				GCC_C_LANGUAGE_STANDARD = gnu99;
				GCC_NO_COMMON_BLOCKS = YES;
				GCC_WARN_64_TO_32_BIT_CONVERSION = YES;
				GCC_WARN_ABOUT_RETURN_TYPE = YES_ERROR;
				GCC_WARN_UNDECLARED_SELECTOR = YES;
				GCC_WARN_UNINITIALIZED_AUTOS = YES_AGGRESSIVE;
				GCC_WARN_UNUSED_FUNCTION = YES;
				GCC_WARN_UNUSED_VARIABLE = YES;
				IPHONEOS_DEPLOYMENT_TARGET = 8.4;
				MTL_ENABLE_DEBUG_INFO = NO;
				SDKROOT = iphoneos;
				TARGETED_DEVICE_FAMILY = "1,2";
				VALIDATE_PRODUCT = YES;
			};
			name = Release;
		};
		060000BB1B86E34F0092AD77 /* Debug */ = {
			isa = XCBuildConfiguration;
			buildSettings = {
				ASSETCATALOG_COMPILER_APPICON_NAME = AppIcon;
				INFOPLIST_FILE = GLParticle1/Info.plist;
				LD_RUNPATH_SEARCH_PATHS = "$(inherited) @executable_path/Frameworks";
				PRODUCT_NAME = "$(TARGET_NAME)";
			};
			name = Debug;
		};
		060000BC1B86E34F0092AD77 /* Release */ = {
			isa = XCBuildConfiguration;
			buildSettings = {
				ASSETCATALOG_COMPILER_APPICON_NAME = AppIcon;
				INFOPLIST_FILE = GLParticle1/Info.plist;
				LD_RUNPATH_SEARCH_PATHS = "$(inherited) @executable_path/Frameworks";
				PRODUCT_NAME = "$(TARGET_NAME)";
			};
			name = Release;
		};
		060000BE1B86E34F0092AD77 /* Debug */ = {
			isa = XCBuildConfiguration;
			buildSettings = {
				BUNDLE_LOADER = "$(TEST_HOST)";
				FRAMEWORK_SEARCH_PATHS = (
					"$(SDKROOT)/Developer/Library/Frameworks",
					"$(inherited)",
				);
				GCC_PREPROCESSOR_DEFINITIONS = (
					"DEBUG=1",
					"$(inherited)",
				);
				INFOPLIST_FILE = GLParticle1Tests/Info.plist;
				LD_RUNPATH_SEARCH_PATHS = "$(inherited) @executable_path/Frameworks @loader_path/Frameworks";
				PRODUCT_NAME = "$(TARGET_NAME)";
				TEST_HOST = "$(BUILT_PRODUCTS_DIR)/GLParticle1.app/GLParticle1";
			};
			name = Debug;
		};
		060000BF1B86E34F0092AD77 /* Release */ = {
			isa = XCBuildConfiguration;
			buildSettings = {
				BUNDLE_LOADER = "$(TEST_HOST)";
				FRAMEWORK_SEARCH_PATHS = (
					"$(SDKROOT)/Developer/Library/Frameworks",
					"$(inherited)",
				);
				INFOPLIST_FILE = GLParticle1Tests/Info.plist;
				LD_RUNPATH_SEARCH_PATHS = "$(inherited) @executable_path/Frameworks @loader_path/Frameworks";
				PRODUCT_NAME = "$(TARGET_NAME)";
				TEST_HOST = "$(BUILT_PRODUCTS_DIR)/GLParticle1.app/GLParticle1";
			};
			name = Release;
		};
/* End XCBuildConfiguration section */

/* Begin XCConfigurationList section */
		060000921B86E34F0092AD77 /* Build configuration list for PBXProject "GLParticle1" */ = {
			isa = XCConfigurationList;
			buildConfigurations = (
				060000B81B86E34F0092AD77 /* Debug */,
				060000B91B86E34F0092AD77 /* Release */,
			);
			defaultConfigurationIsVisible = 0;
			defaultConfigurationName = Release;
		};
		060000BA1B86E34F0092AD77 /* Build configuration list for PBXNativeTarget "GLParticle1" */ = {
			isa = XCConfigurationList;
			buildConfigurations = (
				060000BB1B86E34F0092AD77 /* Debug */,
				060000BC1B86E34F0092AD77 /* Release */,
			);
			defaultConfigurationIsVisible = 0;
		};
		060000BD1B86E34F0092AD77 /* Build configuration list for PBXNativeTarget "GLParticle1Tests" */ = {
			isa = XCConfigurationList;
			buildConfigurations = (
				060000BE1B86E34F0092AD77 /* Debug */,
				060000BF1B86E34F0092AD77 /* Release */,
			);
			defaultConfigurationIsVisible = 0;
		};
/* End XCConfigurationList section */
	};
	rootObject = 0600008F1B86E34F0092AD77 /* Project object */;
}
